// !$*UTF8*$!
{
	archiveVersion = 1;
	classes = {
	};
	objectVersion = 50;
	objects = {

/* Begin PBXBuildFile section */
		4318AB71225C6646001F54EB /* AppDelegate.swift in Sources */ = {isa = PBXBuildFile; fileRef = 4318AB70225C6646001F54EB /* AppDelegate.swift */; };
		4318AB73225C6646001F54EB /* ViewController.swift in Sources */ = {isa = PBXBuildFile; fileRef = 4318AB72225C6646001F54EB /* ViewController.swift */; };
		4318AB76225C6646001F54EB /* Main.storyboard in Resources */ = {isa = PBXBuildFile; fileRef = 4318AB74225C6646001F54EB /* Main.storyboard */; };
		4318AB78225C664B001F54EB /* Assets.xcassets in Resources */ = {isa = PBXBuildFile; fileRef = 4318AB77225C664B001F54EB /* Assets.xcassets */; };
		4318AB7B225C664B001F54EB /* LaunchScreen.storyboard in Resources */ = {isa = PBXBuildFile; fileRef = 4318AB79225C664B001F54EB /* LaunchScreen.storyboard */; };
		4318AB86225C664B001F54EB /* StudentsTests.swift in Sources */ = {isa = PBXBuildFile; fileRef = 4318AB85225C664B001F54EB /* StudentsTests.swift */; };
		4318AB91225C664B001F54EB /* StudentsUITests.swift in Sources */ = {isa = PBXBuildFile; fileRef = 4318AB90225C664B001F54EB /* StudentsUITests.swift */; };
		43AE103D225C696F00A154A6 /* children.plist in Resources */ = {isa = PBXBuildFile; fileRef = 43AE103C225C696F00A154A6 /* children.plist */; };
		43AE103F225C6D7600A154A6 /* ResultsTableViewController.swift in Sources */ = {isa = PBXBuildFile; fileRef = 43AE103E225C6D7600A154A6 /* ResultsTableViewController.swift */; };
		43AE1041225C737E00A154A6 /* Pinyin.swift in Sources */ = {isa = PBXBuildFile; fileRef = 43AE1040225C737E00A154A6 /* Pinyin.swift */; };
/* End PBXBuildFile section */

/* Begin PBXContainerItemProxy section */
		4318AB82225C664B001F54EB /* PBXContainerItemProxy */ = {
			isa = PBXContainerItemProxy;
			containerPortal = 4318AB65225C6645001F54EB /* Project object */;
			proxyType = 1;
			remoteGlobalIDString = 4318AB6C225C6646001F54EB;
			remoteInfo = Students;
		};
		4318AB8D225C664B001F54EB /* PBXContainerItemProxy */ = {
			isa = PBXContainerItemProxy;
			containerPortal = 4318AB65225C6645001F54EB /* Project object */;
			proxyType = 1;
			remoteGlobalIDString = 4318AB6C225C6646001F54EB;
			remoteInfo = Students;
		};
/* End PBXContainerItemProxy section */

/* Begin PBXFileReference section */
		4318AB6D225C6646001F54EB /* Students.app */ = {isa = PBXFileReference; explicitFileType = wrapper.application; includeInIndex = 0; path = Students.app; sourceTree = BUILT_PRODUCTS_DIR; };
		4318AB70225C6646001F54EB /* AppDelegate.swift */ = {isa = PBXFileReference; lastKnownFileType = sourcecode.swift; path = AppDelegate.swift; sourceTree = "<group>"; };
		4318AB72225C6646001F54EB /* ViewController.swift */ = {isa = PBXFileReference; lastKnownFileType = sourcecode.swift; path = ViewController.swift; sourceTree = "<group>"; };
		4318AB75225C6646001F54EB /* Base */ = {isa = PBXFileReference; lastKnownFileType = file.storyboard; name = Base; path = Base.lproj/Main.storyboard; sourceTree = "<group>"; };
		4318AB77225C664B001F54EB /* Assets.xcassets */ = {isa = PBXFileReference; lastKnownFileType = folder.assetcatalog; path = Assets.xcassets; sourceTree = "<group>"; };
		4318AB7A225C664B001F54EB /* Base */ = {isa = PBXFileReference; lastKnownFileType = file.storyboard; name = Base; path = Base.lproj/LaunchScreen.storyboard; sourceTree = "<group>"; };
		4318AB7C225C664B001F54EB /* Info.plist */ = {isa = PBXFileReference; lastKnownFileType = text.plist.xml; path = Info.plist; sourceTree = "<group>"; };
		4318AB81225C664B001F54EB /* StudentsTests.xctest */ = {isa = PBXFileReference; explicitFileType = wrapper.cfbundle; includeInIndex = 0; path = StudentsTests.xctest; sourceTree = BUILT_PRODUCTS_DIR; };
		4318AB85225C664B001F54EB /* StudentsTests.swift */ = {isa = PBXFileReference; lastKnownFileType = sourcecode.swift; path = StudentsTests.swift; sourceTree = "<group>"; };
		4318AB87225C664B001F54EB /* Info.plist */ = {isa = PBXFileReference; lastKnownFileType = text.plist.xml; path = Info.plist; sourceTree = "<group>"; };
		4318AB8C225C664B001F54EB /* StudentsUITests.xctest */ = {isa = PBXFileReference; explicitFileType = wrapper.cfbundle; includeInIndex = 0; path = StudentsUITests.xctest; sourceTree = BUILT_PRODUCTS_DIR; };
		4318AB90225C664B001F54EB /* StudentsUITests.swift */ = {isa = PBXFileReference; lastKnownFileType = sourcecode.swift; path = StudentsUITests.swift; sourceTree = "<group>"; };
		4318AB92225C664B001F54EB /* Info.plist */ = {isa = PBXFileReference; lastKnownFileType = text.plist.xml; path = Info.plist; sourceTree = "<group>"; };
		43AE103C225C696F00A154A6 /* children.plist */ = {isa = PBXFileReference; fileEncoding = 4; lastKnownFileType = text.plist.xml; path = children.plist; sourceTree = SOURCE_ROOT; };
		43AE103E225C6D7600A154A6 /* ResultsTableViewController.swift */ = {isa = PBXFileReference; lastKnownFileType = sourcecode.swift; path = ResultsTableViewController.swift; sourceTree = "<group>"; };
		43AE1040225C737E00A154A6 /* Pinyin.swift */ = {isa = PBXFileReference; lastKnownFileType = sourcecode.swift; path = Pinyin.swift; sourceTree = "<group>"; };
/* End PBXFileReference section */

/* Begin PBXFrameworksBuildPhase section */
		4318AB6A225C6646001F54EB /* Frameworks */ = {
			isa = PBXFrameworksBuildPhase;
			buildActionMask = 2147483647;
			files = (
			);
			runOnlyForDeploymentPostprocessing = 0;
		};
		4318AB7E225C664B001F54EB /* Frameworks */ = {
			isa = PBXFrameworksBuildPhase;
			buildActionMask = 2147483647;
			files = (
			);
			runOnlyForDeploymentPostprocessing = 0;
		};
		4318AB89225C664B001F54EB /* Frameworks */ = {
			isa = PBXFrameworksBuildPhase;
			buildActionMask = 2147483647;
			files = (
			);
			runOnlyForDeploymentPostprocessing = 0;
		};
/* End PBXFrameworksBuildPhase section */

/* Begin PBXGroup section */
		4318AB64225C6645001F54EB = {
			isa = PBXGroup;
			children = (
				4318AB6F225C6646001F54EB /* Students */,
				4318AB84225C664B001F54EB /* StudentsTests */,
				4318AB8F225C664B001F54EB /* StudentsUITests */,
				4318AB6E225C6646001F54EB /* Products */,
			);
			sourceTree = "<group>";
		};
		4318AB6E225C6646001F54EB /* Products */ = {
			isa = PBXGroup;
			children = (
				4318AB6D225C6646001F54EB /* Students.app */,
				4318AB81225C664B001F54EB /* StudentsTests.xctest */,
				4318AB8C225C664B001F54EB /* StudentsUITests.xctest */,
			);
			name = Products;
			sourceTree = "<group>";
		};
		4318AB6F225C6646001F54EB /* Students */ = {
			isa = PBXGroup;
			children = (
				4318AB70225C6646001F54EB /* AppDelegate.swift */,
				4318AB72225C6646001F54EB /* ViewController.swift */,
				43AE1040225C737E00A154A6 /* Pinyin.swift */,
				4318AB74225C6646001F54EB /* Main.storyboard */,
				4318AB77225C664B001F54EB /* Assets.xcassets */,
				4318AB79225C664B001F54EB /* LaunchScreen.storyboard */,
				4318AB7C225C664B001F54EB /* Info.plist */,
				43AE103C225C696F00A154A6 /* children.plist */,
				43AE103E225C6D7600A154A6 /* ResultsTableViewController.swift */,
			);
			path = Students;
			sourceTree = "<group>";
		};
		4318AB84225C664B001F54EB /* StudentsTests */ = {
			isa = PBXGroup;
			children = (
				4318AB85225C664B001F54EB /* StudentsTests.swift */,
				4318AB87225C664B001F54EB /* Info.plist */,
			);
			path = StudentsTests;
			sourceTree = "<group>";
		};
		4318AB8F225C664B001F54EB /* StudentsUITests */ = {
			isa = PBXGroup;
			children = (
				4318AB90225C664B001F54EB /* StudentsUITests.swift */,
				4318AB92225C664B001F54EB /* Info.plist */,
			);
			path = StudentsUITests;
			sourceTree = "<group>";
		};
/* End PBXGroup section */

/* Begin PBXNativeTarget section */
		4318AB6C225C6646001F54EB /* Students */ = {
			isa = PBXNativeTarget;
			buildConfigurationList = 4318AB95225C664B001F54EB /* Build configuration list for PBXNativeTarget "Students" */;
			buildPhases = (
				4318AB69225C6646001F54EB /* Sources */,
				4318AB6A225C6646001F54EB /* Frameworks */,
				4318AB6B225C6646001F54EB /* Resources */,
			);
			buildRules = (
			);
			dependencies = (
			);
			name = Students;
			productName = Students;
			productReference = 4318AB6D225C6646001F54EB /* Students.app */;
			productType = "com.apple.product-type.application";
		};
		4318AB80225C664B001F54EB /* StudentsTests */ = {
			isa = PBXNativeTarget;
			buildConfigurationList = 4318AB98225C664B001F54EB /* Build configuration list for PBXNativeTarget "StudentsTests" */;
			buildPhases = (
				4318AB7D225C664B001F54EB /* Sources */,
				4318AB7E225C664B001F54EB /* Frameworks */,
				4318AB7F225C664B001F54EB /* Resources */,
			);
			buildRules = (
			);
			dependencies = (
				4318AB83225C664B001F54EB /* PBXTargetDependency */,
			);
			name = StudentsTests;
			productName = StudentsTests;
			productReference = 4318AB81225C664B001F54EB /* StudentsTests.xctest */;
			productType = "com.apple.product-type.bundle.unit-test";
		};
		4318AB8B225C664B001F54EB /* StudentsUITests */ = {
			isa = PBXNativeTarget;
			buildConfigurationList = 4318AB9B225C664B001F54EB /* Build configuration list for PBXNativeTarget "StudentsUITests" */;
			buildPhases = (
				4318AB88225C664B001F54EB /* Sources */,
				4318AB89225C664B001F54EB /* Frameworks */,
				4318AB8A225C664B001F54EB /* Resources */,
			);
			buildRules = (
			);
			dependencies = (
				4318AB8E225C664B001F54EB /* PBXTargetDependency */,
			);
			name = StudentsUITests;
			productName = StudentsUITests;
			productReference = 4318AB8C225C664B001F54EB /* StudentsUITests.xctest */;
			productType = "com.apple.product-type.bundle.ui-testing";
		};
/* End PBXNativeTarget section */

/* Begin PBXProject section */
		4318AB65225C6645001F54EB /* Project object */ = {
			isa = PBXProject;
			attributes = {
				LastSwiftUpdateCheck = 1010;
				LastUpgradeCheck = 1010;
				ORGANIZATIONNAME = hongtao;
				TargetAttributes = {
					4318AB6C225C6646001F54EB = {
						CreatedOnToolsVersion = 10.1;
					};
					4318AB80225C664B001F54EB = {
						CreatedOnToolsVersion = 10.1;
						TestTargetID = 4318AB6C225C6646001F54EB;
					};
					4318AB8B225C664B001F54EB = {
						CreatedOnToolsVersion = 10.1;
						TestTargetID = 4318AB6C225C6646001F54EB;
					};
				};
			};
			buildConfigurationList = 4318AB68225C6646001F54EB /* Build configuration list for PBXProject "Students" */;
			compatibilityVersion = "Xcode 9.3";
			developmentRegion = en;
			hasScannedForEncodings = 0;
			knownRegions = (
				en,
				Base,
			);
			mainGroup = 4318AB64225C6645001F54EB;
			productRefGroup = 4318AB6E225C6646001F54EB /* Products */;
			projectDirPath = "";
			projectRoot = "";
			targets = (
				4318AB6C225C6646001F54EB /* Students */,
				4318AB80225C664B001F54EB /* StudentsTests */,
				4318AB8B225C664B001F54EB /* StudentsUITests */,
			);
		};
/* End PBXProject section */

/* Begin PBXResourcesBuildPhase section */
		4318AB6B225C6646001F54EB /* Resources */ = {
			isa = PBXResourcesBuildPhase;
			buildActionMask = 2147483647;
			files = (
				4318AB7B225C664B001F54EB /* LaunchScreen.storyboard in Resources */,
				43AE103D225C696F00A154A6 /* children.plist in Resources */,
				4318AB78225C664B001F54EB /* Assets.xcassets in Resources */,
				4318AB76225C6646001F54EB /* Main.storyboard in Resources */,
			);
			runOnlyForDeploymentPostprocessing = 0;
		};
		4318AB7F225C664B001F54EB /* Resources */ = {
			isa = PBXResourcesBuildPhase;
			buildActionMask = 2147483647;
			files = (
			);
			runOnlyForDeploymentPostprocessing = 0;
		};
		4318AB8A225C664B001F54EB /* Resources */ = {
			isa = PBXResourcesBuildPhase;
			buildActionMask = 2147483647;
			files = (
			);
			runOnlyForDeploymentPostprocessing = 0;
		};
/* End PBXResourcesBuildPhase section */

/* Begin PBXSourcesBuildPhase section */
		4318AB69225C6646001F54EB /* Sources */ = {
			isa = PBXSourcesBuildPhase;
			buildActionMask = 2147483647;
			files = (
				43AE103F225C6D7600A154A6 /* ResultsTableViewController.swift in Sources */,
				4318AB73225C6646001F54EB /* ViewController.swift in Sources */,
				43AE1041225C737E00A154A6 /* Pinyin.swift in Sources */,
				4318AB71225C6646001F54EB /* AppDelegate.swift in Sources */,
			);
			runOnlyForDeploymentPostprocessing = 0;
		};
		4318AB7D225C664B001F54EB /* Sources */ = {
			isa = PBXSourcesBuildPhase;
			buildActionMask = 2147483647;
			files = (
				4318AB86225C664B001F54EB /* StudentsTests.swift in Sources */,
			);
			runOnlyForDeploymentPostprocessing = 0;
		};
		4318AB88225C664B001F54EB /* Sources */ = {
			isa = PBXSourcesBuildPhase;
			buildActionMask = 2147483647;
			files = (
				4318AB91225C664B001F54EB /* StudentsUITests.swift in Sources */,
			);
			runOnlyForDeploymentPostprocessing = 0;
		};
/* End PBXSourcesBuildPhase section */

/* Begin PBXTargetDependency section */
		4318AB83225C664B001F54EB /* PBXTargetDependency */ = {
			isa = PBXTargetDependency;
			target = 4318AB6C225C6646001F54EB /* Students */;
			targetProxy = 4318AB82225C664B001F54EB /* PBXContainerItemProxy */;
		};
		4318AB8E225C664B001F54EB /* PBXTargetDependency */ = {
			isa = PBXTargetDependency;
			target = 4318AB6C225C6646001F54EB /* Students */;
			targetProxy = 4318AB8D225C664B001F54EB /* PBXContainerItemProxy */;
		};
/* End PBXTargetDependency section */

/* Begin PBXVariantGroup section */
		4318AB74225C6646001F54EB /* Main.storyboard */ = {
			isa = PBXVariantGroup;
			children = (
				4318AB75225C6646001F54EB /* Base */,
			);
			name = Main.storyboard;
			sourceTree = "<group>";
		};
		4318AB79225C664B001F54EB /* LaunchScreen.storyboard */ = {
			isa = PBXVariantGroup;
			children = (
				4318AB7A225C664B001F54EB /* Base */,
			);
			name = LaunchScreen.storyboard;
			sourceTree = "<group>";
		};
/* End PBXVariantGroup section */

/* Begin XCBuildConfiguration section */
		4318AB93225C664B001F54EB /* Debug */ = {
			isa = XCBuildConfiguration;
			buildSettings = {
				ALWAYS_SEARCH_USER_PATHS = NO;
				CLANG_ANALYZER_NONNULL = YES;
				CLANG_ANALYZER_NUMBER_OBJECT_CONVERSION = YES_AGGRESSIVE;
				CLANG_CXX_LANGUAGE_STANDARD = "gnu++14";
				CLANG_CXX_LIBRARY = "libc++";
				CLANG_ENABLE_MODULES = YES;
				CLANG_ENABLE_OBJC_ARC = YES;
				CLANG_ENABLE_OBJC_WEAK = YES;
				CLANG_WARN_BLOCK_CAPTURE_AUTORELEASING = YES;
				CLANG_WARN_BOOL_CONVERSION = YES;
				CLANG_WARN_COMMA = YES;
				CLANG_WARN_CONSTANT_CONVERSION = YES;
				CLANG_WARN_DEPRECATED_OBJC_IMPLEMENTATIONS = YES;
				CLANG_WARN_DIRECT_OBJC_ISA_USAGE = YES_ERROR;
				CLANG_WARN_DOCUMENTATION_COMMENTS = YES;
				CLANG_WARN_EMPTY_BODY = YES;
				CLANG_WARN_ENUM_CONVERSION = YES;
				CLANG_WARN_INFINITE_RECURSION = YES;
				CLANG_WARN_INT_CONVERSION = YES;
				CLANG_WARN_NON_LITERAL_NULL_CONVERSION = YES;
				CLANG_WARN_OBJC_IMPLICIT_RETAIN_SELF = YES;
				CLANG_WARN_OBJC_LITERAL_CONVERSION = YES;
				CLANG_WARN_OBJC_ROOT_CLASS = YES_ERROR;
				CLANG_WARN_RANGE_LOOP_ANALYSIS = YES;
				CLANG_WARN_STRICT_PROTOTYPES = YES;
				CLANG_WARN_SUSPICIOUS_MOVE = YES;
				CLANG_WARN_UNGUARDED_AVAILABILITY = YES_AGGRESSIVE;
				CLANG_WARN_UNREACHABLE_CODE = YES;
				CLANG_WARN__DUPLICATE_METHOD_MATCH = YES;
				CODE_SIGN_IDENTITY = "iPhone Developer";
				COPY_PHASE_STRIP = NO;
				DEBUG_INFORMATION_FORMAT = dwarf;
				ENABLE_STRICT_OBJC_MSGSEND = YES;
				ENABLE_TESTABILITY = YES;
				GCC_C_LANGUAGE_STANDARD = gnu11;
				GCC_DYNAMIC_NO_PIC = NO;
				GCC_NO_COMMON_BLOCKS = YES;
				GCC_OPTIMIZATION_LEVEL = 0;
				GCC_PREPROCESSOR_DEFINITIONS = (
					"DEBUG=1",
					"$(inherited)",
				);
				GCC_WARN_64_TO_32_BIT_CONVERSION = YES;
				GCC_WARN_ABOUT_RETURN_TYPE = YES_ERROR;
				GCC_WARN_UNDECLARED_SELECTOR = YES;
				GCC_WARN_UNINITIALIZED_AUTOS = YES_AGGRESSIVE;
				GCC_WARN_UNUSED_FUNCTION = YES;
				GCC_WARN_UNUSED_VARIABLE = YES;
				IPHONEOS_DEPLOYMENT_TARGET = 12.1;
				MTL_ENABLE_DEBUG_INFO = INCLUDE_SOURCE;
				MTL_FAST_MATH = YES;
				ONLY_ACTIVE_ARCH = YES;
				SDKROOT = iphoneos;
				SWIFT_ACTIVE_COMPILATION_CONDITIONS = DEBUG;
				SWIFT_OPTIMIZATION_LEVEL = "-Onone";
			};
			name = Debug;
		};
		4318AB94225C664B001F54EB /* Release */ = {
			isa = XCBuildConfiguration;
			buildSettings = {
				ALWAYS_SEARCH_USER_PATHS = NO;
				CLANG_ANALYZER_NONNULL = YES;
				CLANG_ANALYZER_NUMBER_OBJECT_CONVERSION = YES_AGGRESSIVE;
				CLANG_CXX_LANGUAGE_STANDARD = "gnu++14";
				CLANG_CXX_LIBRARY = "libc++";
				CLANG_ENABLE_MODULES = YES;
				CLANG_ENABLE_OBJC_ARC = YES;
				CLANG_ENABLE_OBJC_WEAK = YES;
				CLANG_WARN_BLOCK_CAPTURE_AUTORELEASING = YES;
				CLANG_WARN_BOOL_CONVERSION = YES;
				CLANG_WARN_COMMA = YES;
				CLANG_WARN_CONSTANT_CONVERSION = YES;
				CLANG_WARN_DEPRECATED_OBJC_IMPLEMENTATIONS = YES;
				CLANG_WARN_DIRECT_OBJC_ISA_USAGE = YES_ERROR;
				CLANG_WARN_DOCUMENTATION_COMMENTS = YES;
				CLANG_WARN_EMPTY_BODY = YES;
				CLANG_WARN_ENUM_CONVERSION = YES;
				CLANG_WARN_INFINITE_RECURSION = YES;
				CLANG_WARN_INT_CONVERSION = YES;
				CLANG_WARN_NON_LITERAL_NULL_CONVERSION = YES;
				CLANG_WARN_OBJC_IMPLICIT_RETAIN_SELF = YES;
				CLANG_WARN_OBJC_LITERAL_CONVERSION = YES;
				CLANG_WARN_OBJC_ROOT_CLASS = YES_ERROR;
				CLANG_WARN_RANGE_LOOP_ANALYSIS = YES;
				CLANG_WARN_STRICT_PROTOTYPES = YES;
				CLANG_WARN_SUSPICIOUS_MOVE = YES;
				CLANG_WARN_UNGUARDED_AVAILABILITY = YES_AGGRESSIVE;
				CLANG_WARN_UNREACHABLE_CODE = YES;
				CLANG_WARN__DUPLICATE_METHOD_MATCH = YES;
				CODE_SIGN_IDENTITY = "iPhone Developer";
				COPY_PHASE_STRIP = NO;
				DEBUG_INFORMATION_FORMAT = "dwarf-with-dsym";
				ENABLE_NS_ASSERTIONS = NO;
				ENABLE_STRICT_OBJC_MSGSEND = YES;
				GCC_C_LANGUAGE_STANDARD = gnu11;
				GCC_NO_COMMON_BLOCKS = YES;
				GCC_WARN_64_TO_32_BIT_CONVERSION = YES;
				GCC_WARN_ABOUT_RETURN_TYPE = YES_ERROR;
				GCC_WARN_UNDECLARED_SELECTOR = YES;
				GCC_WARN_UNINITIALIZED_AUTOS = YES_AGGRESSIVE;
				GCC_WARN_UNUSED_FUNCTION = YES;
				GCC_WARN_UNUSED_VARIABLE = YES;
				IPHONEOS_DEPLOYMENT_TARGET = 12.1;
				MTL_ENABLE_DEBUG_INFO = NO;
				MTL_FAST_MATH = YES;
				SDKROOT = iphoneos;
				SWIFT_COMPILATION_MODE = wholemodule;
				SWIFT_OPTIMIZATION_LEVEL = "-O";
				VALIDATE_PRODUCT = YES;
			};
			name = Release;
		};
		4318AB96225C664B001F54EB /* Debug */ = {
			isa = XCBuildConfiguration;
			buildSettings = {
				ASSETCATALOG_COMPILER_APPICON_NAME = AppIcon;
				CODE_SIGN_STYLE = Automatic;
				DEVELOPMENT_TEAM = 4G4AW8WMWQ;
				INFOPLIST_FILE = Students/Info.plist;
				LD_RUNPATH_SEARCH_PATHS = (
					"$(inherited)",
					"@executable_path/Frameworks",
				);
				PRODUCT_BUNDLE_IDENTIFIER = apple;
				PRODUCT_NAME = "$(TARGET_NAME)";
				SWIFT_VERSION = 4.2;
				TARGETED_DEVICE_FAMILY = "1,2";
			};
			name = Debug;
		};
		4318AB97225C664B001F54EB /* Release */ = {
			isa = XCBuildConfiguration;
			buildSettings = {
				ASSETCATALOG_COMPILER_APPICON_NAME = AppIcon;
				CODE_SIGN_STYLE = Automatic;
				DEVELOPMENT_TEAM = 4G4AW8WMWQ;
				INFOPLIST_FILE = Students/Info.plist;
				LD_RUNPATH_SEARCH_PATHS = (
					"$(inherited)",
					"@executable_path/Frameworks",
				);
				PRODUCT_BUNDLE_IDENTIFIER = apple;
				PRODUCT_NAME = "$(TARGET_NAME)";
				SWIFT_VERSION = 4.2;
				TARGETED_DEVICE_FAMILY = "1,2";
			};
			name = Release;
		};
		4318AB99225C664B001F54EB /* Debug */ = {
			isa = XCBuildConfiguration;
			buildSettings = {
				ALWAYS_EMBED_SWIFT_STANDARD_LIBRARIES = YES;
				BUNDLE_LOADER = "$(TEST_HOST)";
				CODE_SIGN_STYLE = Automatic;
				INFOPLIST_FILE = StudentsTests/Info.plist;
				LD_RUNPATH_SEARCH_PATHS = (
					"$(inherited)",
					"@executable_path/Frameworks",
					"@loader_path/Frameworks",
				);
				PRODUCT_BUNDLE_IDENTIFIER = com.hongtao.StudentsTests;
				PRODUCT_NAME = "$(TARGET_NAME)";
				SWIFT_VERSION = 4.2;
				TARGETED_DEVICE_FAMILY = "1,2";
				TEST_HOST = "$(BUILT_PRODUCTS_DIR)/Students.app/Students";
			};
			name = Debug;
		};
		4318AB9A225C664B001F54EB /* Release */ = {
			isa = XCBuildConfiguration;
			buildSettings = {
				ALWAYS_EMBED_SWIFT_STANDARD_LIBRARIES = YES;
				BUNDLE_LOADER = "$(TEST_HOST)";
				CODE_SIGN_STYLE = Automatic;
				INFOPLIST_FILE = StudentsTests/Info.plist;
				LD_RUNPATH_SEARCH_PATHS = (
					"$(inherited)",
					"@executable_path/Frameworks",
					"@loader_path/Frameworks",
				);
				PRODUCT_BUNDLE_IDENTIFIER = com.hongtao.StudentsTests;
				PRODUCT_NAME = "$(TARGET_NAME)";
				SWIFT_VERSION = 4.2;
				TARGETED_DEVICE_FAMILY = "1,2";
				TEST_HOST = "$(BUILT_PRODUCTS_DIR)/Students.app/Students";
			};
			name = Release;
		};
		4318AB9C225C664B001F54EB /* Debug */ = {
			isa = XCBuildConfiguration;
			buildSettings = {
				ALWAYS_EMBED_SWIFT_STANDARD_LIBRARIES = YES;
				CODE_SIGN_STYLE = Automatic;
				INFOPLIST_FILE = StudentsUITests/Info.plist;
				LD_RUNPATH_SEARCH_PATHS = (
					"$(inherited)",
					"@executable_path/Frameworks",
					"@loader_path/Frameworks",
				);
				PRODUCT_BUNDLE_IDENTIFIER = com.hongtao.StudentsUITests;
				PRODUCT_NAME = "$(TARGET_NAME)";
				SWIFT_VERSION = 4.2;
				TARGETED_DEVICE_FAMILY = "1,2";
				TEST_TARGET_NAME = Students;
			};
			name = Debug;
		};
		4318AB9D225C664B001F54EB /* Release */ = {
			isa = XCBuildConfiguration;
			buildSettings = {
				ALWAYS_EMBED_SWIFT_STANDARD_LIBRARIES = YES;
				CODE_SIGN_STYLE = Automatic;
				INFOPLIST_FILE = StudentsUITests/Info.plist;
				LD_RUNPATH_SEARCH_PATHS = (
					"$(inherited)",
					"@executable_path/Frameworks",
					"@loader_path/Frameworks",
				);
				PRODUCT_BUNDLE_IDENTIFIER = com.hongtao.StudentsUITests;
				PRODUCT_NAME = "$(TARGET_NAME)";
				SWIFT_VERSION = 4.2;
				TARGETED_DEVICE_FAMILY = "1,2";
				TEST_TARGET_NAME = Students;
			};
			name = Release;
		};
/* End XCBuildConfiguration section */

/* Begin XCConfigurationList section */
		4318AB68225C6646001F54EB /* Build configuration list for PBXProject "Students" */ = {
			isa = XCConfigurationList;
			buildConfigurations = (
				4318AB93225C664B001F54EB /* Debug */,
				4318AB94225C664B001F54EB /* Release */,
			);
			defaultConfigurationIsVisible = 0;
			defaultConfigurationName = Release;
		};
		4318AB95225C664B001F54EB /* Build configuration list for PBXNativeTarget "Students" */ = {
			isa = XCConfigurationList;
			buildConfigurations = (
				4318AB96225C664B001F54EB /* Debug */,
				4318AB97225C664B001F54EB /* Release */,
			);
			defaultConfigurationIsVisible = 0;
			defaultConfigurationName = Release;
		};
		4318AB98225C664B001F54EB /* Build configuration list for PBXNativeTarget "StudentsTests" */ = {
			isa = XCConfigurationList;
			buildConfigurations = (
				4318AB99225C664B001F54EB /* Debug */,
				4318AB9A225C664B001F54EB /* Release */,
			);
			defaultConfigurationIsVisible = 0;
			defaultConfigurationName = Release;
		};
		4318AB9B225C664B001F54EB /* Build configuration list for PBXNativeTarget "StudentsUITests" */ = {
			isa = XCConfigurationList;
			buildConfigurations = (
				4318AB9C225C664B001F54EB /* Debug */,
				4318AB9D225C664B001F54EB /* Release */,
			);
			defaultConfigurationIsVisible = 0;
			defaultConfigurationName = Release;
		};
/* End XCConfigurationList section */
	};
	rootObject = 4318AB65225C6645001F54EB /* Project object */;
}
