// !$*UTF8*$!
{
	archiveVersion = 1;
	classes = {
	};
	objectVersion = 50;
	objects = {

/* Begin PBXBuildFile section */
		91777C2D228B922C00DC6AAA /* AppDelegate.swift in Sources */ = {isa = PBXBuildFile; fileRef = 91777C2C228B922C00DC6AAA /* AppDelegate.swift */; };
		91777C2F228B922C00DC6AAA /* ViewController.swift in Sources */ = {isa = PBXBuildFile; fileRef = 91777C2E228B922C00DC6AAA /* ViewController.swift */; };
		91777C32228B922C00DC6AAA /* Main.storyboard in Resources */ = {isa = PBXBuildFile; fileRef = 91777C30228B922C00DC6AAA /* Main.storyboard */; };
		91777C35228B922C00DC6AAA /* ppq.xcdatamodeld in Sources */ = {isa = PBXBuildFile; fileRef = 91777C33228B922C00DC6AAA /* ppq.xcdatamodeld */; };
		91777C37228B922E00DC6AAA /* Assets.xcassets in Resources */ = {isa = PBXBuildFile; fileRef = 91777C36228B922E00DC6AAA /* Assets.xcassets */; };
		91777C3A228B922E00DC6AAA /* LaunchScreen.storyboard in Resources */ = {isa = PBXBuildFile; fileRef = 91777C38228B922E00DC6AAA /* LaunchScreen.storyboard */; };
		91777C44228B928800DC6AAA /* DrawUIView.swift in Sources */ = {isa = PBXBuildFile; fileRef = 91777C43228B928800DC6AAA /* DrawUIView.swift */; };
/* End PBXBuildFile section */

/* Begin PBXFileReference section */
		91777C29228B922C00DC6AAA /* ppq.app */ = {isa = PBXFileReference; explicitFileType = wrapper.application; includeInIndex = 0; path = ppq.app; sourceTree = BUILT_PRODUCTS_DIR; };
		91777C2C228B922C00DC6AAA /* AppDelegate.swift */ = {isa = PBXFileReference; lastKnownFileType = sourcecode.swift; path = AppDelegate.swift; sourceTree = "<group>"; };
		91777C2E228B922C00DC6AAA /* ViewController.swift */ = {isa = PBXFileReference; lastKnownFileType = sourcecode.swift; path = ViewController.swift; sourceTree = "<group>"; };
		91777C31228B922C00DC6AAA /* Base */ = {isa = PBXFileReference; lastKnownFileType = file.storyboard; name = Base; path = Base.lproj/Main.storyboard; sourceTree = "<group>"; };
		91777C34228B922C00DC6AAA /* ppq.xcdatamodel */ = {isa = PBXFileReference; lastKnownFileType = wrapper.xcdatamodel; path = ppq.xcdatamodel; sourceTree = "<group>"; };
		91777C36228B922E00DC6AAA /* Assets.xcassets */ = {isa = PBXFileReference; lastKnownFileType = folder.assetcatalog; path = Assets.xcassets; sourceTree = "<group>"; };
		91777C39228B922E00DC6AAA /* Base */ = {isa = PBXFileReference; lastKnownFileType = file.storyboard; name = Base; path = Base.lproj/LaunchScreen.storyboard; sourceTree = "<group>"; };
		91777C3B228B922E00DC6AAA /* Info.plist */ = {isa = PBXFileReference; lastKnownFileType = text.plist.xml; path = Info.plist; sourceTree = "<group>"; };
		91777C43228B928800DC6AAA /* DrawUIView.swift */ = {isa = PBXFileReference; lastKnownFileType = sourcecode.swift; path = DrawUIView.swift; sourceTree = "<group>"; };
/* End PBXFileReference section */

/* Begin PBXFrameworksBuildPhase section */
		91777C26228B922C00DC6AAA /* Frameworks */ = {
			isa = PBXFrameworksBuildPhase;
			buildActionMask = 2147483647;
			files = (
			);
			runOnlyForDeploymentPostprocessing = 0;
		};
/* End PBXFrameworksBuildPhase section */

/* Begin PBXGroup section */
		91777C20228B922C00DC6AAA = {
			isa = PBXGroup;
			children = (
				91777C2B228B922C00DC6AAA /* ppq */,
				91777C2A228B922C00DC6AAA /* Products */,
			);
			sourceTree = "<group>";
		};
		91777C2A228B922C00DC6AAA /* Products */ = {
			isa = PBXGroup;
			children = (
				91777C29228B922C00DC6AAA /* ppq.app */,
			);
			name = Products;
			sourceTree = "<group>";
		};
		91777C2B228B922C00DC6AAA /* ppq */ = {
			isa = PBXGroup;
			children = (
				91777C2C228B922C00DC6AAA /* AppDelegate.swift */,
				91777C2E228B922C00DC6AAA /* ViewController.swift */,
				91777C30228B922C00DC6AAA /* Main.storyboard */,
				91777C43228B928800DC6AAA /* DrawUIView.swift */,
				91777C36228B922E00DC6AAA /* Assets.xcassets */,
				91777C38228B922E00DC6AAA /* LaunchScreen.storyboard */,
				91777C3B228B922E00DC6AAA /* Info.plist */,
				91777C33228B922C00DC6AAA /* ppq.xcdatamodeld */,
			);
			path = ppq;
			sourceTree = "<group>";
		};
/* End PBXGroup section */

/* Begin PBXNativeTarget section */
		91777C28228B922C00DC6AAA /* ppq */ = {
			isa = PBXNativeTarget;
			buildConfigurationList = 91777C3E228B922E00DC6AAA /* Build configuration list for PBXNativeTarget "ppq" */;
			buildPhases = (
				91777C25228B922C00DC6AAA /* Sources */,
				91777C26228B922C00DC6AAA /* Frameworks */,
				91777C27228B922C00DC6AAA /* Resources */,
			);
			buildRules = (
			);
			dependencies = (
			);
			name = ppq;
			productName = ppq;
			productReference = 91777C29228B922C00DC6AAA /* ppq.app */;
			productType = "com.apple.product-type.application";
		};
/* End PBXNativeTarget section */

/* Begin PBXProject section */
		91777C21228B922C00DC6AAA /* Project object */ = {
			isa = PBXProject;
			attributes = {
				LastSwiftUpdateCheck = 1020;
				LastUpgradeCheck = 1020;
				ORGANIZATIONNAME = apple;
				TargetAttributes = {
					91777C28228B922C00DC6AAA = {
						CreatedOnToolsVersion = 10.2.1;
					};
				};
			};
			buildConfigurationList = 91777C24228B922C00DC6AAA /* Build configuration list for PBXProject "ppq" */;
			compatibilityVersion = "Xcode 9.3";
			developmentRegion = en;
			hasScannedForEncodings = 0;
			knownRegions = (
				en,
				Base,
			);
			mainGroup = 91777C20228B922C00DC6AAA;
			productRefGroup = 91777C2A228B922C00DC6AAA /* Products */;
			projectDirPath = "";
			projectRoot = "";
			targets = (
				91777C28228B922C00DC6AAA /* ppq */,
			);
		};
/* End PBXProject section */

/* Begin PBXResourcesBuildPhase section */
		91777C27228B922C00DC6AAA /* Resources */ = {
			isa = PBXResourcesBuildPhase;
			buildActionMask = 2147483647;
			files = (
				91777C3A228B922E00DC6AAA /* LaunchScreen.storyboard in Resources */,
				91777C37228B922E00DC6AAA /* Assets.xcassets in Resources */,
				91777C32228B922C00DC6AAA /* Main.storyboard in Resources */,
			);
			runOnlyForDeploymentPostprocessing = 0;
		};
/* End PBXResourcesBuildPhase section */

/* Begin PBXSourcesBuildPhase section */
		91777C25228B922C00DC6AAA /* Sources */ = {
			isa = PBXSourcesBuildPhase;
			buildActionMask = 2147483647;
			files = (
				91777C44228B928800DC6AAA /* DrawUIView.swift in Sources */,
				91777C2F228B922C00DC6AAA /* ViewController.swift in Sources */,
				91777C35228B922C00DC6AAA /* ppq.xcdatamodeld in Sources */,
				91777C2D228B922C00DC6AAA /* AppDelegate.swift in Sources */,
			);
			runOnlyForDeploymentPostprocessing = 0;
		};
/* End PBXSourcesBuildPhase section */

/* Begin PBXVariantGroup section */
		91777C30228B922C00DC6AAA /* Main.storyboard */ = {
			isa = PBXVariantGroup;
			children = (
				91777C31228B922C00DC6AAA /* Base */,
			);
			name = Main.storyboard;
			sourceTree = "<group>";
		};
		91777C38228B922E00DC6AAA /* LaunchScreen.storyboard */ = {
			isa = PBXVariantGroup;
			children = (
				91777C39228B922E00DC6AAA /* Base */,
			);
			name = LaunchScreen.storyboard;
			sourceTree = "<group>";
		};
/* End PBXVariantGroup section */

/* Begin XCBuildConfiguration section */
		91777C3C228B922E00DC6AAA /* Debug */ = {
			isa = XCBuildConfiguration;
			buildSettings = {
				ALWAYS_SEARCH_USER_PATHS = NO;
				CLANG_ANALYZER_NONNULL = YES;
				CLANG_ANALYZER_NUMBER_OBJECT_CONVERSION = YES_AGGRESSIVE;
				CLANG_CXX_LANGUAGE_STANDARD = "gnu++14";
				CLANG_CXX_LIBRARY = "libc++";
				CLANG_ENABLE_MODULES = YES;
				CLANG_ENABLE_OBJC_ARC = YES;
				CLANG_ENABLE_OBJC_WEAK = YES;
				CLANG_WARN_BLOCK_CAPTURE_AUTORELEASING = YES;
				CLANG_WARN_BOOL_CONVERSION = YES;
				CLANG_WARN_COMMA = YES;
				CLANG_WARN_CONSTANT_CONVERSION = YES;
				CLANG_WARN_DEPRECATED_OBJC_IMPLEMENTATIONS = YES;
				CLANG_WARN_DIRECT_OBJC_ISA_USAGE = YES_ERROR;
				CLANG_WARN_DOCUMENTATION_COMMENTS = YES;
				CLANG_WARN_EMPTY_BODY = YES;
				CLANG_WARN_ENUM_CONVERSION = YES;
				CLANG_WARN_INFINITE_RECURSION = YES;
				CLANG_WARN_INT_CONVERSION = YES;
				CLANG_WARN_NON_LITERAL_NULL_CONVERSION = YES;
				CLANG_WARN_OBJC_IMPLICIT_RETAIN_SELF = YES;
				CLANG_WARN_OBJC_LITERAL_CONVERSION = YES;
				CLANG_WARN_OBJC_ROOT_CLASS = YES_ERROR;
				CLANG_WARN_RANGE_LOOP_ANALYSIS = YES;
				CLANG_WARN_STRICT_PROTOTYPES = YES;
				CLANG_WARN_SUSPICIOUS_MOVE = YES;
				CLANG_WARN_UNGUARDED_AVAILABILITY = YES_AGGRESSIVE;
				CLANG_WARN_UNREACHABLE_CODE = YES;
				CLANG_WARN__DUPLICATE_METHOD_MATCH = YES;
				CODE_SIGN_IDENTITY = "iPhone Developer";
				COPY_PHASE_STRIP = NO;
				DEBUG_INFORMATION_FORMAT = dwarf;
				ENABLE_STRICT_OBJC_MSGSEND = YES;
				ENABLE_TESTABILITY = YES;
				GCC_C_LANGUAGE_STANDARD = gnu11;
				GCC_DYNAMIC_NO_PIC = NO;
				GCC_NO_COMMON_BLOCKS = YES;
				GCC_OPTIMIZATION_LEVEL = 0;
				GCC_PREPROCESSOR_DEFINITIONS = (
					"DEBUG=1",
					"$(inherited)",
				);
				GCC_WARN_64_TO_32_BIT_CONVERSION = YES;
				GCC_WARN_ABOUT_RETURN_TYPE = YES_ERROR;
				GCC_WARN_UNDECLARED_SELECTOR = YES;
				GCC_WARN_UNINITIALIZED_AUTOS = YES_AGGRESSIVE;
				GCC_WARN_UNUSED_FUNCTION = YES;
				GCC_WARN_UNUSED_VARIABLE = YES;
				IPHONEOS_DEPLOYMENT_TARGET = 12.2;
				MTL_ENABLE_DEBUG_INFO = INCLUDE_SOURCE;
				MTL_FAST_MATH = YES;
				ONLY_ACTIVE_ARCH = YES;
				SDKROOT = iphoneos;
				SWIFT_ACTIVE_COMPILATION_CONDITIONS = DEBUG;
				SWIFT_OPTIMIZATION_LEVEL = "-Onone";
			};
			name = Debug;
		};
		91777C3D228B922E00DC6AAA /* Release */ = {
			isa = XCBuildConfiguration;
			buildSettings = {
				ALWAYS_SEARCH_USER_PATHS = NO;
				CLANG_ANALYZER_NONNULL = YES;
				CLANG_ANALYZER_NUMBER_OBJECT_CONVERSION = YES_AGGRESSIVE;
				CLANG_CXX_LANGUAGE_STANDARD = "gnu++14";
				CLANG_CXX_LIBRARY = "libc++";
				CLANG_ENABLE_MODULES = YES;
				CLANG_ENABLE_OBJC_ARC = YES;
				CLANG_ENABLE_OBJC_WEAK = YES;
				CLANG_WARN_BLOCK_CAPTURE_AUTORELEASING = YES;
				CLANG_WARN_BOOL_CONVERSION = YES;
				CLANG_WARN_COMMA = YES;
				CLANG_WARN_CONSTANT_CONVERSION = YES;
				CLANG_WARN_DEPRECATED_OBJC_IMPLEMENTATIONS = YES;
				CLANG_WARN_DIRECT_OBJC_ISA_USAGE = YES_ERROR;
				CLANG_WARN_DOCUMENTATION_COMMENTS = YES;
				CLANG_WARN_EMPTY_BODY = YES;
				CLANG_WARN_ENUM_CONVERSION = YES;
				CLANG_WARN_INFINITE_RECURSION = YES;
				CLANG_WARN_INT_CONVERSION = YES;
				CLANG_WARN_NON_LITERAL_NULL_CONVERSION = YES;
				CLANG_WARN_OBJC_IMPLICIT_RETAIN_SELF = YES;
				CLANG_WARN_OBJC_LITERAL_CONVERSION = YES;
				CLANG_WARN_OBJC_ROOT_CLASS = YES_ERROR;
				CLANG_WARN_RANGE_LOOP_ANALYSIS = YES;
				CLANG_WARN_STRICT_PROTOTYPES = YES;
				CLANG_WARN_SUSPICIOUS_MOVE = YES;
				CLANG_WARN_UNGUARDED_AVAILABILITY = YES_AGGRESSIVE;
				CLANG_WARN_UNREACHABLE_CODE = YES;
				CLANG_WARN__DUPLICATE_METHOD_MATCH = YES;
				CODE_SIGN_IDENTITY = "iPhone Developer";
				COPY_PHASE_STRIP = NO;
				DEBUG_INFORMATION_FORMAT = "dwarf-with-dsym";
				ENABLE_NS_ASSERTIONS = NO;
				ENABLE_STRICT_OBJC_MSGSEND = YES;
				GCC_C_LANGUAGE_STANDARD = gnu11;
				GCC_NO_COMMON_BLOCKS = YES;
				GCC_WARN_64_TO_32_BIT_CONVERSION = YES;
				GCC_WARN_ABOUT_RETURN_TYPE = YES_ERROR;
				GCC_WARN_UNDECLARED_SELECTOR = YES;
				GCC_WARN_UNINITIALIZED_AUTOS = YES_AGGRESSIVE;
				GCC_WARN_UNUSED_FUNCTION = YES;
				GCC_WARN_UNUSED_VARIABLE = YES;
				IPHONEOS_DEPLOYMENT_TARGET = 12.2;
				MTL_ENABLE_DEBUG_INFO = NO;
				MTL_FAST_MATH = YES;
				SDKROOT = iphoneos;
				SWIFT_COMPILATION_MODE = wholemodule;
				SWIFT_OPTIMIZATION_LEVEL = "-O";
				VALIDATE_PRODUCT = YES;
			};
			name = Release;
		};
		91777C3F228B922E00DC6AAA /* Debug */ = {
			isa = XCBuildConfiguration;
			buildSettings = {
				ASSETCATALOG_COMPILER_APPICON_NAME = AppIcon;
				CODE_SIGN_STYLE = Automatic;
				DEVELOPMENT_TEAM = 4G4AW8WMWQ;
				INFOPLIST_FILE = ppq/Info.plist;
				LD_RUNPATH_SEARCH_PATHS = (
					"$(inherited)",
					"@executable_path/Frameworks",
				);
				PRODUCT_BUNDLE_IDENTIFIER = apple.ppq;
				PRODUCT_NAME = "$(TARGET_NAME)";
				SWIFT_VERSION = 5.0;
				TARGETED_DEVICE_FAMILY = "1,2";
			};
			name = Debug;
		};
		91777C40228B922E00DC6AAA /* Release */ = {
			isa = XCBuildConfiguration;
			buildSettings = {
				ASSETCATALOG_COMPILER_APPICON_NAME = AppIcon;
				CODE_SIGN_STYLE = Automatic;
				DEVELOPMENT_TEAM = 4G4AW8WMWQ;
				INFOPLIST_FILE = ppq/Info.plist;
				LD_RUNPATH_SEARCH_PATHS = (
					"$(inherited)",
					"@executable_path/Frameworks",
				);
				PRODUCT_BUNDLE_IDENTIFIER = apple.ppq;
				PRODUCT_NAME = "$(TARGET_NAME)";
				SWIFT_VERSION = 5.0;
				TARGETED_DEVICE_FAMILY = "1,2";
			};
			name = Release;
		};
/* End XCBuildConfiguration section */

/* Begin XCConfigurationList section */
		91777C24228B922C00DC6AAA /* Build configuration list for PBXProject "ppq" */ = {
			isa = XCConfigurationList;
			buildConfigurations = (
				91777C3C228B922E00DC6AAA /* Debug */,
				91777C3D228B922E00DC6AAA /* Release */,
			);
			defaultConfigurationIsVisible = 0;
			defaultConfigurationName = Release;
		};
		91777C3E228B922E00DC6AAA /* Build configuration list for PBXNativeTarget "ppq" */ = {
			isa = XCConfigurationList;
			buildConfigurations = (
				91777C3F228B922E00DC6AAA /* Debug */,
				91777C40228B922E00DC6AAA /* Release */,
			);
			defaultConfigurationIsVisible = 0;
			defaultConfigurationName = Release;
		};
/* End XCConfigurationList section */

/* Begin XCVersionGroup section */
		91777C33228B922C00DC6AAA /* ppq.xcdatamodeld */ = {
			isa = XCVersionGroup;
			children = (
				91777C34228B922C00DC6AAA /* ppq.xcdatamodel */,
			);
			currentVersion = 91777C34228B922C00DC6AAA /* ppq.xcdatamodel */;
			path = ppq.xcdatamodeld;
			sourceTree = "<group>";
			versionGroupType = wrapper.xcdatamodel;
		};
/* End XCVersionGroup section */
	};
	rootObject = 91777C21228B922C00DC6AAA /* Project object */;
}
