// !$*UTF8*$!
{
	archiveVersion = 1;
	classes = {
	};
	objectVersion = 50;
	objects = {

/* Begin PBXBuildFile section */
		91A7F68C225F85E500388619 /* HeaderCell.swift in Sources */ = {isa = PBXBuildFile; fileRef = 91A7F68B225F85E500388619 /* HeaderCell.swift */; };
		91FB4DC1225E45C000778289 /* AppDelegate.swift in Sources */ = {isa = PBXBuildFile; fileRef = 91FB4DC0225E45C000778289 /* AppDelegate.swift */; };
		91FB4DC3225E45C000778289 /* ViewController.swift in Sources */ = {isa = PBXBuildFile; fileRef = 91FB4DC2225E45C000778289 /* ViewController.swift */; };
		91FB4DC6225E45C000778289 /* Main.storyboard in Resources */ = {isa = PBXBuildFile; fileRef = 91FB4DC4225E45C000778289 /* Main.storyboard */; };
		91FB4DC8225E45C100778289 /* Assets.xcassets in Resources */ = {isa = PBXBuildFile; fileRef = 91FB4DC7225E45C100778289 /* Assets.xcassets */; };
		91FB4DCB225E45C100778289 /* LaunchScreen.storyboard in Resources */ = {isa = PBXBuildFile; fileRef = 91FB4DC9225E45C100778289 /* LaunchScreen.storyboard */; };
		91FB4DD6225E45C200778289 /* DialogViewerUITests.swift in Sources */ = {isa = PBXBuildFile; fileRef = 91FB4DD5225E45C200778289 /* DialogViewerUITests.swift */; };
		91FB4DE1225E46CF00778289 /* ContentCell.swift in Sources */ = {isa = PBXBuildFile; fileRef = 91FB4DE0225E46CF00778289 /* ContentCell.swift */; };
/* End PBXBuildFile section */

/* Begin PBXContainerItemProxy section */
		91FB4DD2225E45C200778289 /* PBXContainerItemProxy */ = {
			isa = PBXContainerItemProxy;
			containerPortal = 91FB4DB5225E45C000778289 /* Project object */;
			proxyType = 1;
			remoteGlobalIDString = 91FB4DBC225E45C000778289;
			remoteInfo = DialogViewer;
		};
/* End PBXContainerItemProxy section */

/* Begin PBXFileReference section */
		91A7F68B225F85E500388619 /* HeaderCell.swift */ = {isa = PBXFileReference; lastKnownFileType = sourcecode.swift; path = HeaderCell.swift; sourceTree = "<group>"; };
		91FB4DBD225E45C000778289 /* DialogViewer.app */ = {isa = PBXFileReference; explicitFileType = wrapper.application; includeInIndex = 0; path = DialogViewer.app; sourceTree = BUILT_PRODUCTS_DIR; };
		91FB4DC0225E45C000778289 /* AppDelegate.swift */ = {isa = PBXFileReference; lastKnownFileType = sourcecode.swift; path = AppDelegate.swift; sourceTree = "<group>"; };
		91FB4DC2225E45C000778289 /* ViewController.swift */ = {isa = PBXFileReference; lastKnownFileType = sourcecode.swift; path = ViewController.swift; sourceTree = "<group>"; };
		91FB4DC5225E45C000778289 /* Base */ = {isa = PBXFileReference; lastKnownFileType = file.storyboard; name = Base; path = Base.lproj/Main.storyboard; sourceTree = "<group>"; };
		91FB4DC7225E45C100778289 /* Assets.xcassets */ = {isa = PBXFileReference; lastKnownFileType = folder.assetcatalog; path = Assets.xcassets; sourceTree = "<group>"; };
		91FB4DCA225E45C100778289 /* Base */ = {isa = PBXFileReference; lastKnownFileType = file.storyboard; name = Base; path = Base.lproj/LaunchScreen.storyboard; sourceTree = "<group>"; };
		91FB4DCC225E45C100778289 /* Info.plist */ = {isa = PBXFileReference; lastKnownFileType = text.plist.xml; path = Info.plist; sourceTree = "<group>"; };
		91FB4DD1225E45C200778289 /* DialogViewerUITests.xctest */ = {isa = PBXFileReference; explicitFileType = wrapper.cfbundle; includeInIndex = 0; path = DialogViewerUITests.xctest; sourceTree = BUILT_PRODUCTS_DIR; };
		91FB4DD5225E45C200778289 /* DialogViewerUITests.swift */ = {isa = PBXFileReference; lastKnownFileType = sourcecode.swift; path = DialogViewerUITests.swift; sourceTree = "<group>"; };
		91FB4DD7225E45C200778289 /* Info.plist */ = {isa = PBXFileReference; lastKnownFileType = text.plist.xml; path = Info.plist; sourceTree = "<group>"; };
		91FB4DE0225E46CF00778289 /* ContentCell.swift */ = {isa = PBXFileReference; lastKnownFileType = sourcecode.swift; path = ContentCell.swift; sourceTree = "<group>"; };
/* End PBXFileReference section */

/* Begin PBXFrameworksBuildPhase section */
		91FB4DBA225E45C000778289 /* Frameworks */ = {
			isa = PBXFrameworksBuildPhase;
			buildActionMask = 2147483647;
			files = (
			);
			runOnlyForDeploymentPostprocessing = 0;
		};
		91FB4DCE225E45C200778289 /* Frameworks */ = {
			isa = PBXFrameworksBuildPhase;
			buildActionMask = 2147483647;
			files = (
			);
			runOnlyForDeploymentPostprocessing = 0;
		};
/* End PBXFrameworksBuildPhase section */

/* Begin PBXGroup section */
		91FB4DB4225E45C000778289 = {
			isa = PBXGroup;
			children = (
				91FB4DBF225E45C000778289 /* DialogViewer */,
				91FB4DD4225E45C200778289 /* DialogViewerUITests */,
				91FB4DBE225E45C000778289 /* Products */,
			);
			sourceTree = "<group>";
		};
		91FB4DBE225E45C000778289 /* Products */ = {
			isa = PBXGroup;
			children = (
				91FB4DBD225E45C000778289 /* DialogViewer.app */,
				91FB4DD1225E45C200778289 /* DialogViewerUITests.xctest */,
			);
			name = Products;
			sourceTree = "<group>";
		};
		91FB4DBF225E45C000778289 /* DialogViewer */ = {
			isa = PBXGroup;
			children = (
				91FB4DC0225E45C000778289 /* AppDelegate.swift */,
				91FB4DC2225E45C000778289 /* ViewController.swift */,
				91FB4DC4225E45C000778289 /* Main.storyboard */,
				91FB4DE0225E46CF00778289 /* ContentCell.swift */,
				91A7F68B225F85E500388619 /* HeaderCell.swift */,
				91FB4DC7225E45C100778289 /* Assets.xcassets */,
				91FB4DC9225E45C100778289 /* LaunchScreen.storyboard */,
				91FB4DCC225E45C100778289 /* Info.plist */,
			);
			path = DialogViewer;
			sourceTree = "<group>";
		};
		91FB4DD4225E45C200778289 /* DialogViewerUITests */ = {
			isa = PBXGroup;
			children = (
				91FB4DD5225E45C200778289 /* DialogViewerUITests.swift */,
				91FB4DD7225E45C200778289 /* Info.plist */,
			);
			path = DialogViewerUITests;
			sourceTree = "<group>";
		};
/* End PBXGroup section */

/* Begin PBXNativeTarget section */
		91FB4DBC225E45C000778289 /* DialogViewer */ = {
			isa = PBXNativeTarget;
			buildConfigurationList = 91FB4DDA225E45C200778289 /* Build configuration list for PBXNativeTarget "DialogViewer" */;
			buildPhases = (
				91FB4DB9225E45C000778289 /* Sources */,
				91FB4DBA225E45C000778289 /* Frameworks */,
				91FB4DBB225E45C000778289 /* Resources */,
			);
			buildRules = (
			);
			dependencies = (
			);
			name = DialogViewer;
			productName = DialogViewer;
			productReference = 91FB4DBD225E45C000778289 /* DialogViewer.app */;
			productType = "com.apple.product-type.application";
		};
		91FB4DD0225E45C200778289 /* DialogViewerUITests */ = {
			isa = PBXNativeTarget;
			buildConfigurationList = 91FB4DDD225E45C200778289 /* Build configuration list for PBXNativeTarget "DialogViewerUITests" */;
			buildPhases = (
				91FB4DCD225E45C200778289 /* Sources */,
				91FB4DCE225E45C200778289 /* Frameworks */,
				91FB4DCF225E45C200778289 /* Resources */,
			);
			buildRules = (
			);
			dependencies = (
				91FB4DD3225E45C200778289 /* PBXTargetDependency */,
			);
			name = DialogViewerUITests;
			productName = DialogViewerUITests;
			productReference = 91FB4DD1225E45C200778289 /* DialogViewerUITests.xctest */;
			productType = "com.apple.product-type.bundle.ui-testing";
		};
/* End PBXNativeTarget section */

/* Begin PBXProject section */
		91FB4DB5225E45C000778289 /* Project object */ = {
			isa = PBXProject;
			attributes = {
				LastSwiftUpdateCheck = 1020;
				LastUpgradeCheck = 1020;
				ORGANIZATIONNAME = apple;
				TargetAttributes = {
					91FB4DBC225E45C000778289 = {
						CreatedOnToolsVersion = 10.2;
					};
					91FB4DD0225E45C200778289 = {
						CreatedOnToolsVersion = 10.2;
						TestTargetID = 91FB4DBC225E45C000778289;
					};
				};
			};
			buildConfigurationList = 91FB4DB8225E45C000778289 /* Build configuration list for PBXProject "DialogViewer" */;
			compatibilityVersion = "Xcode 9.3";
			developmentRegion = en;
			hasScannedForEncodings = 0;
			knownRegions = (
				en,
				Base,
			);
			mainGroup = 91FB4DB4225E45C000778289;
			productRefGroup = 91FB4DBE225E45C000778289 /* Products */;
			projectDirPath = "";
			projectRoot = "";
			targets = (
				91FB4DBC225E45C000778289 /* DialogViewer */,
				91FB4DD0225E45C200778289 /* DialogViewerUITests */,
			);
		};
/* End PBXProject section */

/* Begin PBXResourcesBuildPhase section */
		91FB4DBB225E45C000778289 /* Resources */ = {
			isa = PBXResourcesBuildPhase;
			buildActionMask = 2147483647;
			files = (
				91FB4DCB225E45C100778289 /* LaunchScreen.storyboard in Resources */,
				91FB4DC8225E45C100778289 /* Assets.xcassets in Resources */,
				91FB4DC6225E45C000778289 /* Main.storyboard in Resources */,
			);
			runOnlyForDeploymentPostprocessing = 0;
		};
		91FB4DCF225E45C200778289 /* Resources */ = {
			isa = PBXResourcesBuildPhase;
			buildActionMask = 2147483647;
			files = (
			);
			runOnlyForDeploymentPostprocessing = 0;
		};
/* End PBXResourcesBuildPhase section */

/* Begin PBXSourcesBuildPhase section */
		91FB4DB9225E45C000778289 /* Sources */ = {
			isa = PBXSourcesBuildPhase;
			buildActionMask = 2147483647;
			files = (
				91A7F68C225F85E500388619 /* HeaderCell.swift in Sources */,
				91FB4DE1225E46CF00778289 /* ContentCell.swift in Sources */,
				91FB4DC3225E45C000778289 /* ViewController.swift in Sources */,
				91FB4DC1225E45C000778289 /* AppDelegate.swift in Sources */,
			);
			runOnlyForDeploymentPostprocessing = 0;
		};
		91FB4DCD225E45C200778289 /* Sources */ = {
			isa = PBXSourcesBuildPhase;
			buildActionMask = 2147483647;
			files = (
				91FB4DD6225E45C200778289 /* DialogViewerUITests.swift in Sources */,
			);
			runOnlyForDeploymentPostprocessing = 0;
		};
/* End PBXSourcesBuildPhase section */

/* Begin PBXTargetDependency section */
		91FB4DD3225E45C200778289 /* PBXTargetDependency */ = {
			isa = PBXTargetDependency;
			target = 91FB4DBC225E45C000778289 /* DialogViewer */;
			targetProxy = 91FB4DD2225E45C200778289 /* PBXContainerItemProxy */;
		};
/* End PBXTargetDependency section */

/* Begin PBXVariantGroup section */
		91FB4DC4225E45C000778289 /* Main.storyboard */ = {
			isa = PBXVariantGroup;
			children = (
				91FB4DC5225E45C000778289 /* Base */,
			);
			name = Main.storyboard;
			sourceTree = "<group>";
		};
		91FB4DC9225E45C100778289 /* LaunchScreen.storyboard */ = {
			isa = PBXVariantGroup;
			children = (
				91FB4DCA225E45C100778289 /* Base */,
			);
			name = LaunchScreen.storyboard;
			sourceTree = "<group>";
		};
/* End PBXVariantGroup section */

/* Begin XCBuildConfiguration section */
		91FB4DD8225E45C200778289 /* Debug */ = {
			isa = XCBuildConfiguration;
			buildSettings = {
				ALWAYS_SEARCH_USER_PATHS = NO;
				CLANG_ANALYZER_NONNULL = YES;
				CLANG_ANALYZER_NUMBER_OBJECT_CONVERSION = YES_AGGRESSIVE;
				CLANG_CXX_LANGUAGE_STANDARD = "gnu++14";
				CLANG_CXX_LIBRARY = "libc++";
				CLANG_ENABLE_MODULES = YES;
				CLANG_ENABLE_OBJC_ARC = YES;
				CLANG_ENABLE_OBJC_WEAK = YES;
				CLANG_WARN_BLOCK_CAPTURE_AUTORELEASING = YES;
				CLANG_WARN_BOOL_CONVERSION = YES;
				CLANG_WARN_COMMA = YES;
				CLANG_WARN_CONSTANT_CONVERSION = YES;
				CLANG_WARN_DEPRECATED_OBJC_IMPLEMENTATIONS = YES;
				CLANG_WARN_DIRECT_OBJC_ISA_USAGE = YES_ERROR;
				CLANG_WARN_DOCUMENTATION_COMMENTS = YES;
				CLANG_WARN_EMPTY_BODY = YES;
				CLANG_WARN_ENUM_CONVERSION = YES;
				CLANG_WARN_INFINITE_RECURSION = YES;
				CLANG_WARN_INT_CONVERSION = YES;
				CLANG_WARN_NON_LITERAL_NULL_CONVERSION = YES;
				CLANG_WARN_OBJC_IMPLICIT_RETAIN_SELF = YES;
				CLANG_WARN_OBJC_LITERAL_CONVERSION = YES;
				CLANG_WARN_OBJC_ROOT_CLASS = YES_ERROR;
				CLANG_WARN_RANGE_LOOP_ANALYSIS = YES;
				CLANG_WARN_STRICT_PROTOTYPES = YES;
				CLANG_WARN_SUSPICIOUS_MOVE = YES;
				CLANG_WARN_UNGUARDED_AVAILABILITY = YES_AGGRESSIVE;
				CLANG_WARN_UNREACHABLE_CODE = YES;
				CLANG_WARN__DUPLICATE_METHOD_MATCH = YES;
				CODE_SIGN_IDENTITY = "iPhone Developer";
				COPY_PHASE_STRIP = NO;
				DEBUG_INFORMATION_FORMAT = dwarf;
				ENABLE_STRICT_OBJC_MSGSEND = YES;
				ENABLE_TESTABILITY = YES;
				GCC_C_LANGUAGE_STANDARD = gnu11;
				GCC_DYNAMIC_NO_PIC = NO;
				GCC_NO_COMMON_BLOCKS = YES;
				GCC_OPTIMIZATION_LEVEL = 0;
				GCC_PREPROCESSOR_DEFINITIONS = (
					"DEBUG=1",
					"$(inherited)",
				);
				GCC_WARN_64_TO_32_BIT_CONVERSION = YES;
				GCC_WARN_ABOUT_RETURN_TYPE = YES_ERROR;
				GCC_WARN_UNDECLARED_SELECTOR = YES;
				GCC_WARN_UNINITIALIZED_AUTOS = YES_AGGRESSIVE;
				GCC_WARN_UNUSED_FUNCTION = YES;
				GCC_WARN_UNUSED_VARIABLE = YES;
				IPHONEOS_DEPLOYMENT_TARGET = 12.2;
				MTL_ENABLE_DEBUG_INFO = INCLUDE_SOURCE;
				MTL_FAST_MATH = YES;
				ONLY_ACTIVE_ARCH = YES;
				SDKROOT = iphoneos;
				SWIFT_ACTIVE_COMPILATION_CONDITIONS = DEBUG;
				SWIFT_OPTIMIZATION_LEVEL = "-Onone";
			};
			name = Debug;
		};
		91FB4DD9225E45C200778289 /* Release */ = {
			isa = XCBuildConfiguration;
			buildSettings = {
				ALWAYS_SEARCH_USER_PATHS = NO;
				CLANG_ANALYZER_NONNULL = YES;
				CLANG_ANALYZER_NUMBER_OBJECT_CONVERSION = YES_AGGRESSIVE;
				CLANG_CXX_LANGUAGE_STANDARD = "gnu++14";
				CLANG_CXX_LIBRARY = "libc++";
				CLANG_ENABLE_MODULES = YES;
				CLANG_ENABLE_OBJC_ARC = YES;
				CLANG_ENABLE_OBJC_WEAK = YES;
				CLANG_WARN_BLOCK_CAPTURE_AUTORELEASING = YES;
				CLANG_WARN_BOOL_CONVERSION = YES;
				CLANG_WARN_COMMA = YES;
				CLANG_WARN_CONSTANT_CONVERSION = YES;
				CLANG_WARN_DEPRECATED_OBJC_IMPLEMENTATIONS = YES;
				CLANG_WARN_DIRECT_OBJC_ISA_USAGE = YES_ERROR;
				CLANG_WARN_DOCUMENTATION_COMMENTS = YES;
				CLANG_WARN_EMPTY_BODY = YES;
				CLANG_WARN_ENUM_CONVERSION = YES;
				CLANG_WARN_INFINITE_RECURSION = YES;
				CLANG_WARN_INT_CONVERSION = YES;
				CLANG_WARN_NON_LITERAL_NULL_CONVERSION = YES;
				CLANG_WARN_OBJC_IMPLICIT_RETAIN_SELF = YES;
				CLANG_WARN_OBJC_LITERAL_CONVERSION = YES;
				CLANG_WARN_OBJC_ROOT_CLASS = YES_ERROR;
				CLANG_WARN_RANGE_LOOP_ANALYSIS = YES;
				CLANG_WARN_STRICT_PROTOTYPES = YES;
				CLANG_WARN_SUSPICIOUS_MOVE = YES;
				CLANG_WARN_UNGUARDED_AVAILABILITY = YES_AGGRESSIVE;
				CLANG_WARN_UNREACHABLE_CODE = YES;
				CLANG_WARN__DUPLICATE_METHOD_MATCH = YES;
				CODE_SIGN_IDENTITY = "iPhone Developer";
				COPY_PHASE_STRIP = NO;
				DEBUG_INFORMATION_FORMAT = "dwarf-with-dsym";
				ENABLE_NS_ASSERTIONS = NO;
				ENABLE_STRICT_OBJC_MSGSEND = YES;
				GCC_C_LANGUAGE_STANDARD = gnu11;
				GCC_NO_COMMON_BLOCKS = YES;
				GCC_WARN_64_TO_32_BIT_CONVERSION = YES;
				GCC_WARN_ABOUT_RETURN_TYPE = YES_ERROR;
				GCC_WARN_UNDECLARED_SELECTOR = YES;
				GCC_WARN_UNINITIALIZED_AUTOS = YES_AGGRESSIVE;
				GCC_WARN_UNUSED_FUNCTION = YES;
				GCC_WARN_UNUSED_VARIABLE = YES;
				IPHONEOS_DEPLOYMENT_TARGET = 12.2;
				MTL_ENABLE_DEBUG_INFO = NO;
				MTL_FAST_MATH = YES;
				SDKROOT = iphoneos;
				SWIFT_COMPILATION_MODE = wholemodule;
				SWIFT_OPTIMIZATION_LEVEL = "-O";
				VALIDATE_PRODUCT = YES;
			};
			name = Release;
		};
		91FB4DDB225E45C200778289 /* Debug */ = {
			isa = XCBuildConfiguration;
			buildSettings = {
				ASSETCATALOG_COMPILER_APPICON_NAME = AppIcon;
				CODE_SIGN_STYLE = Automatic;
				DEVELOPMENT_TEAM = 4G4AW8WMWQ;
				INFOPLIST_FILE = DialogViewer/Info.plist;
				LD_RUNPATH_SEARCH_PATHS = (
					"$(inherited)",
					"@executable_path/Frameworks",
				);
				PRODUCT_BUNDLE_IDENTIFIER = apple.DialogViewer;
				PRODUCT_NAME = "$(TARGET_NAME)";
				SWIFT_VERSION = 5.0;
				TARGETED_DEVICE_FAMILY = "1,2";
			};
			name = Debug;
		};
		91FB4DDC225E45C200778289 /* Release */ = {
			isa = XCBuildConfiguration;
			buildSettings = {
				ASSETCATALOG_COMPILER_APPICON_NAME = AppIcon;
				CODE_SIGN_STYLE = Automatic;
				DEVELOPMENT_TEAM = 4G4AW8WMWQ;
				INFOPLIST_FILE = DialogViewer/Info.plist;
				LD_RUNPATH_SEARCH_PATHS = (
					"$(inherited)",
					"@executable_path/Frameworks",
				);
				PRODUCT_BUNDLE_IDENTIFIER = apple.DialogViewer;
				PRODUCT_NAME = "$(TARGET_NAME)";
				SWIFT_VERSION = 5.0;
				TARGETED_DEVICE_FAMILY = "1,2";
			};
			name = Release;
		};
		91FB4DDE225E45C200778289 /* Debug */ = {
			isa = XCBuildConfiguration;
			buildSettings = {
				ALWAYS_EMBED_SWIFT_STANDARD_LIBRARIES = YES;
				CODE_SIGN_STYLE = Automatic;
				DEVELOPMENT_TEAM = 4G4AW8WMWQ;
				INFOPLIST_FILE = DialogViewerUITests/Info.plist;
				LD_RUNPATH_SEARCH_PATHS = (
					"$(inherited)",
					"@executable_path/Frameworks",
					"@loader_path/Frameworks",
				);
				PRODUCT_BUNDLE_IDENTIFIER = apple.DialogViewerUITests;
				PRODUCT_NAME = "$(TARGET_NAME)";
				SWIFT_VERSION = 5.0;
				TARGETED_DEVICE_FAMILY = "1,2";
				TEST_TARGET_NAME = DialogViewer;
			};
			name = Debug;
		};
		91FB4DDF225E45C200778289 /* Release */ = {
			isa = XCBuildConfiguration;
			buildSettings = {
				ALWAYS_EMBED_SWIFT_STANDARD_LIBRARIES = YES;
				CODE_SIGN_STYLE = Automatic;
				DEVELOPMENT_TEAM = 4G4AW8WMWQ;
				INFOPLIST_FILE = DialogViewerUITests/Info.plist;
				LD_RUNPATH_SEARCH_PATHS = (
					"$(inherited)",
					"@executable_path/Frameworks",
					"@loader_path/Frameworks",
				);
				PRODUCT_BUNDLE_IDENTIFIER = apple.DialogViewerUITests;
				PRODUCT_NAME = "$(TARGET_NAME)";
				SWIFT_VERSION = 5.0;
				TARGETED_DEVICE_FAMILY = "1,2";
				TEST_TARGET_NAME = DialogViewer;
			};
			name = Release;
		};
/* End XCBuildConfiguration section */

/* Begin XCConfigurationList section */
		91FB4DB8225E45C000778289 /* Build configuration list for PBXProject "DialogViewer" */ = {
			isa = XCConfigurationList;
			buildConfigurations = (
				91FB4DD8225E45C200778289 /* Debug */,
				91FB4DD9225E45C200778289 /* Release */,
			);
			defaultConfigurationIsVisible = 0;
			defaultConfigurationName = Release;
		};
		91FB4DDA225E45C200778289 /* Build configuration list for PBXNativeTarget "DialogViewer" */ = {
			isa = XCConfigurationList;
			buildConfigurations = (
				91FB4DDB225E45C200778289 /* Debug */,
				91FB4DDC225E45C200778289 /* Release */,
			);
			defaultConfigurationIsVisible = 0;
			defaultConfigurationName = Release;
		};
		91FB4DDD225E45C200778289 /* Build configuration list for PBXNativeTarget "DialogViewerUITests" */ = {
			isa = XCConfigurationList;
			buildConfigurations = (
				91FB4DDE225E45C200778289 /* Debug */,
				91FB4DDF225E45C200778289 /* Release */,
			);
			defaultConfigurationIsVisible = 0;
			defaultConfigurationName = Release;
		};
/* End XCConfigurationList section */
	};
	rootObject = 91FB4DB5225E45C000778289 /* Project object */;
}
